// !$*UTF8*$!
{
	archiveVersion = 1;
	classes = {
	};
	objectVersion = 46;
	objects = {

/* Begin PBXAggregateTarget section */
		E1D9A90319D3496100F91003 /* Install */ = {
			isa = PBXAggregateTarget;
			buildConfigurationList = E1D9A90419D3496100F91003 /* Build configuration list for PBXAggregateTarget "Install" */;
			buildPhases = (
				E1D9A90819D3496D00F91003 /* CopyFiles */,
			);
			dependencies = (
				E1D9A90719D3496800F91003 /* PBXTargetDependency */,
			);
			name = Install;
			productName = Install;
		};
		E1D9A90A19D349AE00F91003 /* Everything */ = {
			isa = PBXAggregateTarget;
			buildConfigurationList = E1D9A90B19D349AE00F91003 /* Build configuration list for PBXAggregateTarget "Everything" */;
			buildPhases = (
			);
			dependencies = (
				E1D9A90E19D349B100F91003 /* PBXTargetDependency */,
			);
			name = Everything;
			productName = Everything;
		};
/* End PBXAggregateTarget section */

/* Begin PBXBuildFile section */
		E1A8E9BA19F947D900571433 /* BlackrockLEDDriverRunAction.cpp in Sources */ = {isa = PBXBuildFile; fileRef = E1A8E9B819F947D900571433 /* BlackrockLEDDriverRunAction.cpp */; };
		E1D9A8FD19D3475500F91003 /* BlackrockLEDDriverDevice.cpp in Sources */ = {isa = PBXBuildFile; fileRef = E1D9A8FB19D3475500F91003 /* BlackrockLEDDriverDevice.cpp */; };
		E1D9A8FF19D3477300F91003 /* BlackrockLEDDriverPlugin.cpp in Sources */ = {isa = PBXBuildFile; fileRef = E1D9A8FE19D3477300F91003 /* BlackrockLEDDriverPlugin.cpp */; };
		E1D9A90919D3497900F91003 /* BlackrockLEDDriver.bundle in CopyFiles */ = {isa = PBXBuildFile; fileRef = E1D9A8F119D345F400F91003 /* BlackrockLEDDriver.bundle */; };
		E1D9A91019D34A1E00F91003 /* MWorksCore.framework in Frameworks */ = {isa = PBXBuildFile; fileRef = E1D9A90F19D34A1E00F91003 /* MWorksCore.framework */; };
		E1D9A91919D34D8200F91003 /* libftd2xx.dylib in Frameworks */ = {isa = PBXBuildFile; fileRef = E1D9A91819D34D8200F91003 /* libftd2xx.dylib */; };
		E1D9A91B19D34F7000F91003 /* libftd2xx.dylib in CopyFiles */ = {isa = PBXBuildFile; fileRef = E1D9A91819D34D8200F91003 /* libftd2xx.dylib */; settings = {ATTRIBUTES = (CodeSignOnCopy, ); }; };
		E1D9A91F19D354F100F91003 /* libboost_system.a in Frameworks */ = {isa = PBXBuildFile; fileRef = E1D9A91E19D354F100F91003 /* libboost_system.a */; };
		E1DCDC9F19FAABB500BB9A2D /* BlackrockLEDDriverAction.cpp in Sources */ = {isa = PBXBuildFile; fileRef = E1DCDC9D19FAABB500BB9A2D /* BlackrockLEDDriverAction.cpp */; };
		E1DCDCA219FAADA700BB9A2D /* BlackrockLEDDriverSetIntensityAction.cpp in Sources */ = {isa = PBXBuildFile; fileRef = E1DCDCA019FAADA700BB9A2D /* BlackrockLEDDriverSetIntensityAction.cpp */; };
		E1DCDCA419FADB3E00BB9A2D /* MWLibrary.xml in Resources */ = {isa = PBXBuildFile; fileRef = E1DCDCA319FADB2300BB9A2D /* MWLibrary.xml */; };
/* End PBXBuildFile section */

/* Begin PBXContainerItemProxy section */
		E1D9A90619D3496800F91003 /* PBXContainerItemProxy */ = {
			isa = PBXContainerItemProxy;
			containerPortal = E1D9A8E919D345F400F91003 /* Project object */;
			proxyType = 1;
			remoteGlobalIDString = E1D9A8F019D345F400F91003;
			remoteInfo = BlackrockLEDDriver;
		};
		E1D9A90D19D349B100F91003 /* PBXContainerItemProxy */ = {
			isa = PBXContainerItemProxy;
			containerPortal = E1D9A8E919D345F400F91003 /* Project object */;
			proxyType = 1;
			remoteGlobalIDString = E1D9A90319D3496100F91003;
			remoteInfo = Install;
		};
/* End PBXContainerItemProxy section */

/* Begin PBXCopyFilesBuildPhase section */
		E1D9A90819D3496D00F91003 /* CopyFiles */ = {
			isa = PBXCopyFilesBuildPhase;
			buildActionMask = 2147483647;
			dstPath = "$(MW_PLUGINS_DIR)";
			dstSubfolderSpec = 0;
			files = (
				E1D9A90919D3497900F91003 /* BlackrockLEDDriver.bundle in CopyFiles */,
			);
			runOnlyForDeploymentPostprocessing = 0;
		};
		E1D9A91A19D34F6400F91003 /* CopyFiles */ = {
			isa = PBXCopyFilesBuildPhase;
			buildActionMask = 2147483647;
			dstPath = "";
			dstSubfolderSpec = 10;
			files = (
				E1D9A91B19D34F7000F91003 /* libftd2xx.dylib in CopyFiles */,
			);
			runOnlyForDeploymentPostprocessing = 0;
		};
/* End PBXCopyFilesBuildPhase section */

/* Begin PBXFileReference section */
		E117FEC419D9E3530039A5CB /* BlackrockLEDDriverCommand.h */ = {isa = PBXFileReference; lastKnownFileType = sourcecode.c.h; path = BlackrockLEDDriverCommand.h; sourceTree = "<group>"; };
		E1A8E9B819F947D900571433 /* BlackrockLEDDriverRunAction.cpp */ = {isa = PBXFileReference; fileEncoding = 4; lastKnownFileType = sourcecode.cpp.cpp; path = BlackrockLEDDriverRunAction.cpp; sourceTree = "<group>"; };
		E1A8E9B919F947D900571433 /* BlackrockLEDDriverRunAction.h */ = {isa = PBXFileReference; fileEncoding = 4; lastKnownFileType = sourcecode.c.h; path = BlackrockLEDDriverRunAction.h; sourceTree = "<group>"; };
		E1D9A8F119D345F400F91003 /* BlackrockLEDDriver.bundle */ = {isa = PBXFileReference; explicitFileType = wrapper.cfbundle; includeInIndex = 0; path = BlackrockLEDDriver.bundle; sourceTree = BUILT_PRODUCTS_DIR; };
		E1D9A8F519D345F400F91003 /* Info.plist */ = {isa = PBXFileReference; lastKnownFileType = text.plist.xml; path = Info.plist; sourceTree = "<group>"; };
		E1D9A8FB19D3475500F91003 /* BlackrockLEDDriverDevice.cpp */ = {isa = PBXFileReference; fileEncoding = 4; lastKnownFileType = sourcecode.cpp.cpp; path = BlackrockLEDDriverDevice.cpp; sourceTree = "<group>"; };
		E1D9A8FC19D3475500F91003 /* BlackrockLEDDriverDevice.h */ = {isa = PBXFileReference; fileEncoding = 4; lastKnownFileType = sourcecode.c.h; path = BlackrockLEDDriverDevice.h; sourceTree = "<group>"; };
		E1D9A8FE19D3477300F91003 /* BlackrockLEDDriverPlugin.cpp */ = {isa = PBXFileReference; fileEncoding = 4; lastKnownFileType = sourcecode.cpp.cpp; path = BlackrockLEDDriverPlugin.cpp; sourceTree = "<group>"; };
		E1D9A90119D347E700F91003 /* Development.xcconfig */ = {isa = PBXFileReference; lastKnownFileType = text.xcconfig; path = Development.xcconfig; sourceTree = "<group>"; };
		E1D9A90219D347F400F91003 /* WARNING.txt */ = {isa = PBXFileReference; lastKnownFileType = text; path = WARNING.txt; sourceTree = "<group>"; };
		E1D9A90F19D34A1E00F91003 /* MWorksCore.framework */ = {isa = PBXFileReference; lastKnownFileType = wrapper.framework; name = MWorksCore.framework; path = /Library/Frameworks/MWorksCore.framework; sourceTree = "<absolute>"; };
		E1D9A91819D34D8200F91003 /* libftd2xx.dylib */ = {isa = PBXFileReference; lastKnownFileType = "compiled.mach-o.dylib"; name = libftd2xx.dylib; path = /usr/local/lib/libftd2xx.dylib; sourceTree = "<absolute>"; };
		E1D9A91D19D3538F00F91003 /* BlackrockLEDDriver-Prefix.pch */ = {isa = PBXFileReference; lastKnownFileType = sourcecode.c.h; path = "BlackrockLEDDriver-Prefix.pch"; sourceTree = "<group>"; };
		E1D9A91E19D354F100F91003 /* libboost_system.a */ = {isa = PBXFileReference; lastKnownFileType = archive.ar; name = libboost_system.a; path = "/Library/Application Support/MWorks/Developer/lib/libboost_system.a"; sourceTree = "<absolute>"; };
		E1DCDC9D19FAABB500BB9A2D /* BlackrockLEDDriverAction.cpp */ = {isa = PBXFileReference; fileEncoding = 4; lastKnownFileType = sourcecode.cpp.cpp; path = BlackrockLEDDriverAction.cpp; sourceTree = "<group>"; };
		E1DCDC9E19FAABB500BB9A2D /* BlackrockLEDDriverAction.h */ = {isa = PBXFileReference; fileEncoding = 4; lastKnownFileType = sourcecode.c.h; path = BlackrockLEDDriverAction.h; sourceTree = "<group>"; };
		E1DCDCA019FAADA700BB9A2D /* BlackrockLEDDriverSetIntensityAction.cpp */ = {isa = PBXFileReference; fileEncoding = 4; lastKnownFileType = sourcecode.cpp.cpp; path = BlackrockLEDDriverSetIntensityAction.cpp; sourceTree = "<group>"; };
		E1DCDCA119FAADA700BB9A2D /* BlackrockLEDDriverSetIntensityAction.h */ = {isa = PBXFileReference; fileEncoding = 4; lastKnownFileType = sourcecode.c.h; path = BlackrockLEDDriverSetIntensityAction.h; sourceTree = "<group>"; };
		E1DCDCA319FADB2300BB9A2D /* MWLibrary.xml */ = {isa = PBXFileReference; lastKnownFileType = text.xml; path = MWLibrary.xml; sourceTree = "<group>"; };
/* End PBXFileReference section */

/* Begin PBXFrameworksBuildPhase section */
		E1D9A8EE19D345F400F91003 /* Frameworks */ = {
			isa = PBXFrameworksBuildPhase;
			buildActionMask = 2147483647;
			files = (
				E1D9A91019D34A1E00F91003 /* MWorksCore.framework in Frameworks */,
				E1D9A91F19D354F100F91003 /* libboost_system.a in Frameworks */,
				E1D9A91919D34D8200F91003 /* libftd2xx.dylib in Frameworks */,
			);
			runOnlyForDeploymentPostprocessing = 0;
		};
/* End PBXFrameworksBuildPhase section */

/* Begin PBXGroup section */
		E1A8E9B719F9477700571433 /* Actions */ = {
			isa = PBXGroup;
			children = (
				E1DCDC9E19FAABB500BB9A2D /* BlackrockLEDDriverAction.h */,
				E1DCDC9D19FAABB500BB9A2D /* BlackrockLEDDriverAction.cpp */,
				E1DCDCA119FAADA700BB9A2D /* BlackrockLEDDriverSetIntensityAction.h */,
				E1DCDCA019FAADA700BB9A2D /* BlackrockLEDDriverSetIntensityAction.cpp */,
				E1A8E9B919F947D900571433 /* BlackrockLEDDriverRunAction.h */,
				E1A8E9B819F947D900571433 /* BlackrockLEDDriverRunAction.cpp */,
			);
			path = Actions;
			sourceTree = "<group>";
		};
		E1D9A8E819D345F400F91003 = {
			isa = PBXGroup;
			children = (
				E1D9A90019D347A300F91003 /* External Config */,
				E1D9A8F319D345F400F91003 /* BlackrockLEDDriver */,
				E1D9A91119D34A2800F91003 /* Frameworks */,
				E1D9A8F219D345F400F91003 /* Products */,
			);
			sourceTree = "<group>";
		};
		E1D9A8F219D345F400F91003 /* Products */ = {
			isa = PBXGroup;
			children = (
				E1D9A8F119D345F400F91003 /* BlackrockLEDDriver.bundle */,
			);
			name = Products;
			sourceTree = "<group>";
		};
		E1D9A8F319D345F400F91003 /* BlackrockLEDDriver */ = {
			isa = PBXGroup;
			children = (
				E1A8E9B719F9477700571433 /* Actions */,
				E117FEC419D9E3530039A5CB /* BlackrockLEDDriverCommand.h */,
				E1D9A8FC19D3475500F91003 /* BlackrockLEDDriverDevice.h */,
				E1D9A8FB19D3475500F91003 /* BlackrockLEDDriverDevice.cpp */,
				E1D9A8FE19D3477300F91003 /* BlackrockLEDDriverPlugin.cpp */,
				E1D9A8F419D345F400F91003 /* Supporting Files */,
			);
			path = BlackrockLEDDriver;
			sourceTree = "<group>";
		};
		E1D9A8F419D345F400F91003 /* Supporting Files */ = {
			isa = PBXGroup;
			children = (
				E1D9A8F519D345F400F91003 /* Info.plist */,
				E1D9A91D19D3538F00F91003 /* BlackrockLEDDriver-Prefix.pch */,
				E1DCDCA319FADB2300BB9A2D /* MWLibrary.xml */,
			);
			name = "Supporting Files";
			sourceTree = "<group>";
		};
		E1D9A90019D347A300F91003 /* External Config */ = {
			isa = PBXGroup;
			children = (
				E1D9A90119D347E700F91003 /* Development.xcconfig */,
				E1D9A90219D347F400F91003 /* WARNING.txt */,
			);
			name = "External Config";
			path = "/Library/Application Support/MWorks/Developer/Xcode";
			sourceTree = "<absolute>";
		};
		E1D9A91119D34A2800F91003 /* Frameworks */ = {
			isa = PBXGroup;
			children = (
				E1D9A90F19D34A1E00F91003 /* MWorksCore.framework */,
				E1D9A91E19D354F100F91003 /* libboost_system.a */,
				E1D9A91819D34D8200F91003 /* libftd2xx.dylib */,
			);
			name = Frameworks;
			sourceTree = "<group>";
		};
/* End PBXGroup section */

/* Begin PBXNativeTarget section */
		E1D9A8F019D345F400F91003 /* BlackrockLEDDriver */ = {
			isa = PBXNativeTarget;
			buildConfigurationList = E1D9A8F819D345F400F91003 /* Build configuration list for PBXNativeTarget "BlackrockLEDDriver" */;
			buildPhases = (
				E1D9A8ED19D345F400F91003 /* Sources */,
				E1D9A8EE19D345F400F91003 /* Frameworks */,
				E1D9A91C19D3507100F91003 /* ShellScript */,
				E1D9A8EF19D345F400F91003 /* Resources */,
				E1D9A91A19D34F6400F91003 /* CopyFiles */,
			);
			buildRules = (
			);
			dependencies = (
			);
			name = BlackrockLEDDriver;
			productName = BlackrockLEDDriver;
			productReference = E1D9A8F119D345F400F91003 /* BlackrockLEDDriver.bundle */;
			productType = "com.apple.product-type.bundle";
		};
/* End PBXNativeTarget section */

/* Begin PBXProject section */
		E1D9A8E919D345F400F91003 /* Project object */ = {
			isa = PBXProject;
			attributes = {
				LastUpgradeCheck = 0600;
				ORGANIZATIONNAME = "The MWorks Project";
				TargetAttributes = {
					E1D9A8F019D345F400F91003 = {
						CreatedOnToolsVersion = 6.0.1;
					};
					E1D9A90319D3496100F91003 = {
						CreatedOnToolsVersion = 6.0.1;
					};
					E1D9A90A19D349AE00F91003 = {
						CreatedOnToolsVersion = 6.0.1;
					};
				};
			};
			buildConfigurationList = E1D9A8EC19D345F400F91003 /* Build configuration list for PBXProject "BlackrockLEDDriver" */;
			compatibilityVersion = "Xcode 3.2";
			developmentRegion = English;
			hasScannedForEncodings = 0;
			knownRegions = (
				en,
			);
			mainGroup = E1D9A8E819D345F400F91003;
			productRefGroup = E1D9A8F219D345F400F91003 /* Products */;
			projectDirPath = "";
			projectRoot = "";
			targets = (
				E1D9A8F019D345F400F91003 /* BlackrockLEDDriver */,
				E1D9A90319D3496100F91003 /* Install */,
				E1D9A90A19D349AE00F91003 /* Everything */,
			);
		};
/* End PBXProject section */

/* Begin PBXResourcesBuildPhase section */
		E1D9A8EF19D345F400F91003 /* Resources */ = {
			isa = PBXResourcesBuildPhase;
			buildActionMask = 2147483647;
			files = (
				E1DCDCA419FADB3E00BB9A2D /* MWLibrary.xml in Resources */,
			);
			runOnlyForDeploymentPostprocessing = 0;
		};
/* End PBXResourcesBuildPhase section */

/* Begin PBXShellScriptBuildPhase section */
		E1D9A91C19D3507100F91003 /* ShellScript */ = {
			isa = PBXShellScriptBuildPhase;
			buildActionMask = 2147483647;
			files = (
			);
			inputPaths = (
			);
			outputPaths = (
			);
			runOnlyForDeploymentPostprocessing = 0;
			shellPath = /bin/sh;
			shellScript = "/usr/bin/xcrun install_name_tool -change \\\n  \"$(/usr/bin/xcrun otool -XD /usr/local/lib/libftd2xx.dylib)\" \\\n  \"@loader_path/../Frameworks/libftd2xx.dylib\" \\\n  \"${BUILT_PRODUCTS_DIR}/${EXECUTABLE_PATH}\"";
			showEnvVarsInLog = 0;
		};
/* End PBXShellScriptBuildPhase section */

/* Begin PBXSourcesBuildPhase section */
		E1D9A8ED19D345F400F91003 /* Sources */ = {
			isa = PBXSourcesBuildPhase;
			buildActionMask = 2147483647;
			files = (
				E1DCDC9F19FAABB500BB9A2D /* BlackrockLEDDriverAction.cpp in Sources */,
				E1A8E9BA19F947D900571433 /* BlackrockLEDDriverRunAction.cpp in Sources */,
				E1D9A8FD19D3475500F91003 /* BlackrockLEDDriverDevice.cpp in Sources */,
				E1DCDCA219FAADA700BB9A2D /* BlackrockLEDDriverSetIntensityAction.cpp in Sources */,
				E1D9A8FF19D3477300F91003 /* BlackrockLEDDriverPlugin.cpp in Sources */,
			);
			runOnlyForDeploymentPostprocessing = 0;
		};
/* End PBXSourcesBuildPhase section */

/* Begin PBXTargetDependency section */
		E1D9A90719D3496800F91003 /* PBXTargetDependency */ = {
			isa = PBXTargetDependency;
			target = E1D9A8F019D345F400F91003 /* BlackrockLEDDriver */;
			targetProxy = E1D9A90619D3496800F91003 /* PBXContainerItemProxy */;
		};
		E1D9A90E19D349B100F91003 /* PBXTargetDependency */ = {
			isa = PBXTargetDependency;
			target = E1D9A90319D3496100F91003 /* Install */;
			targetProxy = E1D9A90D19D349B100F91003 /* PBXContainerItemProxy */;
		};
/* End PBXTargetDependency section */

/* Begin XCBuildConfiguration section */
		E1D9A8F619D345F400F91003 /* Development */ = {
			isa = XCBuildConfiguration;
			baseConfigurationReference = E1D9A90119D347E700F91003 /* Development.xcconfig */;
			buildSettings = {
				CLANG_ENABLE_MODULES = YES;
				CLANG_ENABLE_OBJC_ARC = YES;
				CLANG_WARN_BOOL_CONVERSION = YES;
				CLANG_WARN_CONSTANT_CONVERSION = YES;
				CLANG_WARN_DIRECT_OBJC_ISA_USAGE = YES_ERROR;
				CLANG_WARN_EMPTY_BODY = YES;
				CLANG_WARN_ENUM_CONVERSION = YES;
				CLANG_WARN_INT_CONVERSION = YES;
				CLANG_WARN_OBJC_ROOT_CLASS = YES_ERROR;
				CLANG_WARN_UNREACHABLE_CODE = YES;
				CLANG_WARN__DUPLICATE_METHOD_MATCH = YES;
				ENABLE_STRICT_OBJC_MSGSEND = YES;
				GCC_DYNAMIC_NO_PIC = NO;
				GCC_WARN_ABOUT_RETURN_TYPE = YES_ERROR;
				GCC_WARN_UNDECLARED_SELECTOR = YES;
				GCC_WARN_UNINITIALIZED_AUTOS = YES_AGGRESSIVE;
				GCC_WARN_UNUSED_FUNCTION = YES;
				LIBRARY_SEARCH_PATHS = (
					"$(inherited)",
					/usr/local/lib,
				);
				MTL_ENABLE_DEBUG_INFO = YES;
			};
			name = Development;
		};
		E1D9A8F919D345F400F91003 /* Development */ = {
			isa = XCBuildConfiguration;
			buildSettings = {
				COMBINE_HIDPI_IMAGES = YES;
				GCC_PRECOMPILE_PREFIX_HEADER = YES;
				GCC_PREFIX_HEADER = "BlackrockLEDDriver/BlackrockLEDDriver-Prefix.pch";
				HEADER_SEARCH_PATHS = (
					"$(inherited)",
					/usr/local/include,
				);
				INFOPLIST_FILE = BlackrockLEDDriver/Info.plist;
				INSTALL_PATH = "$(LOCAL_LIBRARY_DIR)/Bundles";
				OTHER_LDFLAGS = "-headerpad_max_install_names";
				PRODUCT_NAME = "$(TARGET_NAME)";
				SKIP_INSTALL = YES;
				WRAPPER_EXTENSION = bundle;
			};
			name = Development;
		};
		E1D9A90519D3496100F91003 /* Development */ = {
			isa = XCBuildConfiguration;
			buildSettings = {
				PRODUCT_NAME = "$(TARGET_NAME)";
			};
			name = Development;
		};
		E1D9A90C19D349AE00F91003 /* Development */ = {
			isa = XCBuildConfiguration;
			buildSettings = {
				PRODUCT_NAME = "$(TARGET_NAME)";
			};
			name = Development;
		};
/* End XCBuildConfiguration section */

/* Begin XCConfigurationList section */
		E1D9A8EC19D345F400F91003 /* Build configuration list for PBXProject "BlackrockLEDDriver" */ = {
			isa = XCConfigurationList;
			buildConfigurations = (
				E1D9A8F619D345F400F91003 /* Development */,
			);
			defaultConfigurationIsVisible = 0;
			defaultConfigurationName = Development;
		};
		E1D9A8F819D345F400F91003 /* Build configuration list for PBXNativeTarget "BlackrockLEDDriver" */ = {
			isa = XCConfigurationList;
			buildConfigurations = (
				E1D9A8F919D345F400F91003 /* Development */,
			);
			defaultConfigurationIsVisible = 0;
			defaultConfigurationName = Development;
		};
		E1D9A90419D3496100F91003 /* Build configuration list for PBXAggregateTarget "Install" */ = {
			isa = XCConfigurationList;
			buildConfigurations = (
				E1D9A90519D3496100F91003 /* Development */,
			);
			defaultConfigurationIsVisible = 0;
			defaultConfigurationName = Development;
		};
		E1D9A90B19D349AE00F91003 /* Build configuration list for PBXAggregateTarget "Everything" */ = {
			isa = XCConfigurationList;
			buildConfigurations = (
				E1D9A90C19D349AE00F91003 /* Development */,
			);
			defaultConfigurationIsVisible = 0;
			defaultConfigurationName = Development;
		};
/* End XCConfigurationList section */
	};
	rootObject = E1D9A8E919D345F400F91003 /* Project object */;
}
